{
  "name": "fronend",
  "lockfileVersion": 3,
  "requires": true,
  "packages": {
    "": {
      "dependencies": {
        "hls.js": "^1.6.13"
      }
    },
    "node_modules/hls.js": {
      "version": "1.6.13",
      "resolved": "https://registry.npmjs.org/hls.js/-/hls.js-1.6.13.tgz",
      "integrity": "sha512-hNEzjZNHf5bFrUNvdS4/1RjIanuJ6szpWNfTaX5I6WfGynWXGT7K/YQLYtemSvFExzeMdgdE4SsyVLJbd5PcZA=="
    }
  }
}
